
Microsoft Visual Studio Solution File, Format Version 12.00
# Visual Studio 15
VisualStudioVersion = 15.0.26403.7
MinimumVisualStudioVersion = 10.0.40219.1
Project("{F184B08F-C81C-45F6-A57F-5ABD9991F28F}") = "VShout", "VShout\VShout.vbproj", "{2FC8CE04-68B7-4F60-AA26-3742E89AE819}"
EndProject
Project("{FAE04EC0-301F-11D3-BF4B-00C04F79EFBC}") = "NetMQ.Zyre", "Zyre\src\NetMQ.Zyre\NetMQ.Zyre.csproj", "{4D648749-20A6-4A53-A313-F67DA1BA712E}"
EndProject
Project("{9A19103F-16F7-4668-BE54-9A1E7A4F7556}") = "NetMQ", "NetMQ\src\NetMQ\NetMQ.csproj", "{EFAD92AB-0C5D-4E83-ACDC-BA9AE33A7E61}"
EndProject
Global
	GlobalSection(SolutionConfigurationPlatforms) = preSolution
		Debug|Any CPU = Debug|Any CPU
		Debug|x64 = Debug|x64
		Debug|x86 = Debug|x86
		Release|Any CPU = Release|Any CPU
		Release|x64 = Release|x64
		Release|x86 = Release|x86
	EndGlobalSection
	GlobalSection(ProjectConfigurationPlatforms) = postSolution
		{2FC8CE04-68B7-4F60-AA26-3742E89AE819}.Debug|Any CPU.ActiveCfg = Debug|Any CPU
		{2FC8CE04-68B7-4F60-AA26-3742E89AE819}.Debug|Any CPU.Build.0 = Debug|Any CPU
		{2FC8CE04-68B7-4F60-AA26-3742E89AE819}.Debug|x64.ActiveCfg = Debug|Any CPU
		{2FC8CE04-68B7-4F60-AA26-3742E89AE819}.Debug|x64.Build.0 = Debug|Any CPU
		{2FC8CE04-68B7-4F60-AA26-3742E89AE819}.Debug|x86.ActiveCfg = Debug|Any CPU
		{2FC8CE04-68B7-4F60-AA26-3742E89AE819}.Debug|x86.Build.0 = Debug|Any CPU
		{2FC8CE04-68B7-4F60-AA26-3742E89AE819}.Release|Any CPU.ActiveCfg = Release|Any CPU
		{2FC8CE04-68B7-4F60-AA26-3742E89AE819}.Release|Any CPU.Build.0 = Release|Any CPU
		{2FC8CE04-68B7-4F60-AA26-3742E89AE819}.Release|x64.ActiveCfg = Release|Any CPU
		{2FC8CE04-68B7-4F60-AA26-3742E89AE819}.Release|x64.Build.0 = Release|Any CPU
		{2FC8CE04-68B7-4F60-AA26-3742E89AE819}.Release|x86.ActiveCfg = Release|Any CPU
		{2FC8CE04-68B7-4F60-AA26-3742E89AE819}.Release|x86.Build.0 = Release|Any CPU
		{4D648749-20A6-4A53-A313-F67DA1BA712E}.Debug|Any CPU.ActiveCfg = Debug|Any CPU
		{4D648749-20A6-4A53-A313-F67DA1BA712E}.Debug|Any CPU.Build.0 = Debug|Any CPU
		{4D648749-20A6-4A53-A313-F67DA1BA712E}.Debug|x64.ActiveCfg = Debug|x64
		{4D648749-20A6-4A53-A313-F67DA1BA712E}.Debug|x64.Build.0 = Debug|x64
		{4D648749-20A6-4A53-A313-F67DA1BA712E}.Debug|x86.ActiveCfg = Debug|x86
		{4D648749-20A6-4A53-A313-F67DA1BA712E}.Debug|x86.Build.0 = Debug|x86
		{4D648749-20A6-4A53-A313-F67DA1BA712E}.Release|Any CPU.ActiveCfg = Release|Any CPU
		{4D648749-20A6-4A53-A313-F67DA1BA712E}.Release|Any CPU.Build.0 = Release|Any CPU
		{4D648749-20A6-4A53-A313-F67DA1BA712E}.Release|x64.ActiveCfg = Release|x64
		{4D648749-20A6-4A53-A313-F67DA1BA712E}.Release|x64.Build.0 = Release|x64
		{4D648749-20A6-4A53-A313-F67DA1BA712E}.Release|x86.ActiveCfg = Release|x86
		{4D648749-20A6-4A53-A313-F67DA1BA712E}.Release|x86.Build.0 = Release|x86
		{EFAD92AB-0C5D-4E83-ACDC-BA9AE33A7E61}.Debug|Any CPU.ActiveCfg = Debug|Any CPU
		{EFAD92AB-0C5D-4E83-ACDC-BA9AE33A7E61}.Debug|Any CPU.Build.0 = Debug|Any CPU
		{EFAD92AB-0C5D-4E83-ACDC-BA9AE33A7E61}.Debug|x64.ActiveCfg = Debug|Any CPU
		{EFAD92AB-0C5D-4E83-ACDC-BA9AE33A7E61}.Debug|x64.Build.0 = Debug|Any CPU
		{EFAD92AB-0C5D-4E83-ACDC-BA9AE33A7E61}.Debug|x86.ActiveCfg = Debug|Any CPU
		{EFAD92AB-0C5D-4E83-ACDC-BA9AE33A7E61}.Debug|x86.Build.0 = Debug|Any CPU
		{EFAD92AB-0C5D-4E83-ACDC-BA9AE33A7E61}.Release|Any CPU.ActiveCfg = Release|Any CPU
		{EFAD92AB-0C5D-4E83-ACDC-BA9AE33A7E61}.Release|Any CPU.Build.0 = Release|Any CPU
		{EFAD92AB-0C5D-4E83-ACDC-BA9AE33A7E61}.Release|x64.ActiveCfg = Release|Any CPU
		{EFAD92AB-0C5D-4E83-ACDC-BA9AE33A7E61}.Release|x64.Build.0 = Release|Any CPU
		{EFAD92AB-0C5D-4E83-ACDC-BA9AE33A7E61}.Release|x86.ActiveCfg = Release|Any CPU
		{EFAD92AB-0C5D-4E83-ACDC-BA9AE33A7E61}.Release|x86.Build.0 = Release|Any CPU
	EndGlobalSection
	GlobalSection(SolutionProperties) = preSolution
		HideSolutionNode = FALSE
	EndGlobalSection
EndGlobal
